dependencies:
  espressif/mdns:
    component_hash: 31117d76cae83a6d83ffd7f035f6fdae5bd05b914fc30b641afeb208b84de19a
    source:
      service_url: https://api.components.espressif.com/
      type: service
    version: 1.3.2
  idf:
    component_hash: null
    source:
      type: idf
    version: 5.2.1
manifest_hash: b24573f6ab6da91e378985d36865ff5ce2fc4ecdad1d9c2c8079f03b6b96d206
target: esp32
version: 1.0.0
